
Microsoft Visual Studio Solution File, Format Version 12.00
# Visual Studio 15
VisualStudioVersion = 15.0.27703.2000
MinimumVisualStudioVersion = 10.0.40219.1
Project("{9092AA53-FB77-4645-B42D-1CCCA6BD08BD}") = "xl", "xl.njsproj", "{1405179F-2F85-4AA6-A59C-0A111264DECC}"
EndProject
Global
	GlobalSection(SolutionConfigurationPlatforms) = preSolution
		Debug|Any CPU = Debug|Any CPU
		Release|Any CPU = Release|Any CPU
	EndGlobalSection
	GlobalSection(ProjectConfigurationPlatforms) = postSolution
		{1405179F-2F85-4AA6-A59C-0A111264DECC}.Debug|Any CPU.ActiveCfg = Debug|Any CPU
		{1405179F-2F85-4AA6-A59C-0A111264DECC}.Debug|Any CPU.Build.0 = Debug|Any CPU
		{1405179F-2F85-4AA6-A59C-0A111264DECC}.Release|Any CPU.ActiveCfg = Release|Any CPU
		{1405179F-2F85-4AA6-A59C-0A111264DECC}.Release|Any CPU.Build.0 = Release|Any CPU
	EndGlobalSection
	GlobalSection(SolutionProperties) = preSolution
		HideSolutionNode = FALSE
	EndGlobalSection
	GlobalSection(ExtensibilityGlobals) = postSolution
		SolutionGuid = {048106D5-7D93-4C96-8945-F422BCAFDC7C}
	EndGlobalSection
EndGlobal
